
Microsoft Visual Studio Solution File, Format Version 12.00
Project("{FAE04EC0-301F-11D3-BF4B-00C04F79EFBC}") = "TaskManager", "TaskManager\TaskManager.csproj", "{11B842EC-02E5-4C53-9FA6-33615A439A5B}"
EndProject
Global
	GlobalSection(SolutionConfigurationPlatforms) = preSolution
		Debug|Any CPU = Debug|Any CPU
		Release|Any CPU = Release|Any CPU
	EndGlobalSection
	GlobalSection(ProjectConfigurationPlatforms) = postSolution
		{11B842EC-02E5-4C53-9FA6-33615A439A5B}.Debug|Any CPU.ActiveCfg = Debug|Any CPU
		{11B842EC-02E5-4C53-9FA6-33615A439A5B}.Debug|Any CPU.Build.0 = Debug|Any CPU
		{11B842EC-02E5-4C53-9FA6-33615A439A5B}.Release|Any CPU.ActiveCfg = Release|Any CPU
		{11B842EC-02E5-4C53-9FA6-33615A439A5B}.Release|Any CPU.Build.0 = Release|Any CPU
	EndGlobalSection
EndGlobal
